
Microsoft Visual Studio Solution File, Format Version 12.00
# Visual Studio 2012
Project("{FAE04EC0-301F-11D3-BF4B-00C04F79EFBC}") = "Weboo.Prueba", "Weboo.Prueba\Weboo.Prueba.csproj", "{DD08D327-7467-4C41-8388-1BABAC30149E}"
EndProject
Project("{FAE04EC0-301F-11D3-BF4B-00C04F79EFBC}") = "Probador", "Probador\Probador.csproj", "{C41EA40C-10AF-4368-AEFC-FC0D98FCA433}"
EndProject
Global
	GlobalSection(SolutionConfigurationPlatforms) = preSolution
		Debug|Any CPU = Debug|Any CPU
		Release|Any CPU = Release|Any CPU
	EndGlobalSection
	GlobalSection(ProjectConfigurationPlatforms) = postSolution
		{DD08D327-7467-4C41-8388-1BABAC30149E}.Debug|Any CPU.ActiveCfg = Debug|Any CPU
		{DD08D327-7467-4C41-8388-1BABAC30149E}.Debug|Any CPU.Build.0 = Debug|Any CPU
		{DD08D327-7467-4C41-8388-1BABAC30149E}.Release|Any CPU.ActiveCfg = Release|Any CPU
		{DD08D327-7467-4C41-8388-1BABAC30149E}.Release|Any CPU.Build.0 = Release|Any CPU
		{C41EA40C-10AF-4368-AEFC-FC0D98FCA433}.Debug|Any CPU.ActiveCfg = Debug|Any CPU
		{C41EA40C-10AF-4368-AEFC-FC0D98FCA433}.Debug|Any CPU.Build.0 = Debug|Any CPU
		{C41EA40C-10AF-4368-AEFC-FC0D98FCA433}.Release|Any CPU.ActiveCfg = Release|Any CPU
		{C41EA40C-10AF-4368-AEFC-FC0D98FCA433}.Release|Any CPU.Build.0 = Release|Any CPU
	EndGlobalSection
	GlobalSection(SolutionProperties) = preSolution
		HideSolutionNode = FALSE
	EndGlobalSection
EndGlobal
